{
  "requires": true,
  "lockfileVersion": 1,
  "dependencies": {
    "tristandaly-frame-print": {
      "version": "1.0.0",
      "resolved": "https://registry.npmjs.org/tristandaly-frame-print/-/tristandaly-frame-print-1.0.0.tgz",
      "integrity": "sha512-19qdvkqR+pQX2CTABS9Epye55uKputWfhYrJQvclhD2fRvFElEFdnsz/lhxAl+cT8HdKVb+GigekKrnic5LFPA=="
    }
  }
}
